
Microsoft Visual Studio Solution File, Format Version 12.00
# Visual Studio Version 16
VisualStudioVersion = 16.0.31129.286
MinimumVisualStudioVersion = 10.0.40219.1
Project("{FAE04EC0-301F-11D3-BF4B-00C04F79EFBC}") = "Kanban", "Kanban.csproj", "{40ECFFDB-90EF-4689-BD22-9664C6EA245E}"
EndProject
Global
	GlobalSection(SolutionConfigurationPlatforms) = preSolution
		Debug|Any CPU = Debug|Any CPU
		Release|Any CPU = Release|Any CPU
	EndGlobalSection
	GlobalSection(ProjectConfigurationPlatforms) = postSolution
		{40ECFFDB-90EF-4689-BD22-9664C6EA245E}.Debug|Any CPU.ActiveCfg = Debug|Any CPU
		{40ECFFDB-90EF-4689-BD22-9664C6EA245E}.Debug|Any CPU.Build.0 = Debug|Any CPU
		{40ECFFDB-90EF-4689-BD22-9664C6EA245E}.Release|Any CPU.ActiveCfg = Release|Any CPU
		{40ECFFDB-90EF-4689-BD22-9664C6EA245E}.Release|Any CPU.Build.0 = Release|Any CPU
	EndGlobalSection
	GlobalSection(SolutionProperties) = preSolution
		HideSolutionNode = FALSE
	EndGlobalSection
	GlobalSection(ExtensibilityGlobals) = postSolution
		SolutionGuid = {23A306C9-BFF4-4730-AFDF-87A7C9CCEEED}
	EndGlobalSection
EndGlobal
